
Microsoft Visual Studio Solution File, Format Version 12.00
# Visual Studio 14
VisualStudioVersion = 14.0.25420.1
MinimumVisualStudioVersion = 10.0.40219.1
Project("{FAE04EC0-301F-11D3-BF4B-00C04F79EFBC}") = "AgeRanger.Core", "AgeRanger.Core\AgeRanger.Core.csproj", "{F411EA94-DECF-4889-91FB-F7BF203B46BC}"
EndProject
Project("{FAE04EC0-301F-11D3-BF4B-00C04F79EFBC}") = "AgeRanger.Data", "AgeRanger.Data\AgeRanger.Data.csproj", "{10742AE6-E773-49EA-9F6C-D67DED688CC2}"
EndProject
Project("{FAE04EC0-301F-11D3-BF4B-00C04F79EFBC}") = "AgeRanger.SinglePage", "Ageranger.SinglePage\AgeRanger.SinglePage.csproj", "{7950EDA9-F5E3-4174-9A6A-CA88B9F7087D}"
EndProject
Project("{FAE04EC0-301F-11D3-BF4B-00C04F79EFBC}") = "AgeRanger.WebAPI", "AgeRanger.WebAPI\AgeRanger.WebAPI.csproj", "{9A602D96-CDB7-4F40-884A-CDA4CD9EC0F4}"
EndProject
Project("{2150E333-8FDC-42A3-9474-1A3956D46DE8}") = "Test", "Test", "{07D49F2D-22E7-4CFE-8F27-1DB57D8E8019}"
EndProject
Project("{FAE04EC0-301F-11D3-BF4B-00C04F79EFBC}") = "AgeRanger.UnitTests.Core", "AgeRanger.UnitTests.Core\AgeRanger.UnitTests.Core.csproj", "{7A103849-6246-48C8-BDD7-1DC2EB410A7D}"
EndProject
Global
	GlobalSection(SolutionConfigurationPlatforms) = preSolution
		Debug|Any CPU = Debug|Any CPU
		Release|Any CPU = Release|Any CPU
	EndGlobalSection
	GlobalSection(ProjectConfigurationPlatforms) = postSolution
		{F411EA94-DECF-4889-91FB-F7BF203B46BC}.Debug|Any CPU.ActiveCfg = Debug|Any CPU
		{F411EA94-DECF-4889-91FB-F7BF203B46BC}.Debug|Any CPU.Build.0 = Debug|Any CPU
		{F411EA94-DECF-4889-91FB-F7BF203B46BC}.Release|Any CPU.ActiveCfg = Release|Any CPU
		{F411EA94-DECF-4889-91FB-F7BF203B46BC}.Release|Any CPU.Build.0 = Release|Any CPU
		{10742AE6-E773-49EA-9F6C-D67DED688CC2}.Debug|Any CPU.ActiveCfg = Debug|Any CPU
		{10742AE6-E773-49EA-9F6C-D67DED688CC2}.Debug|Any CPU.Build.0 = Debug|Any CPU
		{10742AE6-E773-49EA-9F6C-D67DED688CC2}.Release|Any CPU.ActiveCfg = Release|Any CPU
		{10742AE6-E773-49EA-9F6C-D67DED688CC2}.Release|Any CPU.Build.0 = Release|Any CPU
		{7950EDA9-F5E3-4174-9A6A-CA88B9F7087D}.Debug|Any CPU.ActiveCfg = Debug|Any CPU
		{7950EDA9-F5E3-4174-9A6A-CA88B9F7087D}.Debug|Any CPU.Build.0 = Debug|Any CPU
		{7950EDA9-F5E3-4174-9A6A-CA88B9F7087D}.Release|Any CPU.ActiveCfg = Release|Any CPU
		{7950EDA9-F5E3-4174-9A6A-CA88B9F7087D}.Release|Any CPU.Build.0 = Release|Any CPU
		{9A602D96-CDB7-4F40-884A-CDA4CD9EC0F4}.Debug|Any CPU.ActiveCfg = Debug|Any CPU
		{9A602D96-CDB7-4F40-884A-CDA4CD9EC0F4}.Debug|Any CPU.Build.0 = Debug|Any CPU
		{9A602D96-CDB7-4F40-884A-CDA4CD9EC0F4}.Release|Any CPU.ActiveCfg = Release|Any CPU
		{9A602D96-CDB7-4F40-884A-CDA4CD9EC0F4}.Release|Any CPU.Build.0 = Release|Any CPU
		{7A103849-6246-48C8-BDD7-1DC2EB410A7D}.Debug|Any CPU.ActiveCfg = Debug|Any CPU
		{7A103849-6246-48C8-BDD7-1DC2EB410A7D}.Debug|Any CPU.Build.0 = Debug|Any CPU
		{7A103849-6246-48C8-BDD7-1DC2EB410A7D}.Release|Any CPU.ActiveCfg = Release|Any CPU
		{7A103849-6246-48C8-BDD7-1DC2EB410A7D}.Release|Any CPU.Build.0 = Release|Any CPU
	EndGlobalSection
	GlobalSection(SolutionProperties) = preSolution
		HideSolutionNode = FALSE
	EndGlobalSection
	GlobalSection(NestedProjects) = preSolution
		{7A103849-6246-48C8-BDD7-1DC2EB410A7D} = {07D49F2D-22E7-4CFE-8F27-1DB57D8E8019}
	EndGlobalSection
EndGlobal
